
Microsoft Visual Studio Solution File, Format Version 12.00
# Visual Studio Version 17
VisualStudioVersion = 17.0.31903.59
MinimumVisualStudioVersion = 10.0.40219.1
Project("{FAE04EC0-301F-11D3-BF4B-00C04F79EFBC}") = "RightSize", "RightSize\RightSize.csproj", "{5FBE71C6-612D-46CD-BDF4-2B7A7EAFE0C3}"
EndProject
Project("{FAE04EC0-301F-11D3-BF4B-00C04F79EFBC}") = "ChangeString", "ChangeString\ChangeString.csproj", "{C46AE8AC-C8C5-4E80-909A-90E59C3B2FC6}"
EndProject
Project("{FAE04EC0-301F-11D3-BF4B-00C04F79EFBC}") = "ArrayMul", "ArrayMul\ArrayMul.csproj", "{11083FEC-699E-4D7E-AA3C-BE031B60CA5B}"
EndProject
Project("{FAE04EC0-301F-11D3-BF4B-00C04F79EFBC}") = "HeroPerk", "HeroPerk\HeroPerk.csproj", "{5B0A10F9-F15B-4CF6-92CC-62EC758DCDD4}"
EndProject
Project("{FAE04EC0-301F-11D3-BF4B-00C04F79EFBC}") = "Pow2Until", "Pow2Until\Pow2Until.csproj", "{7996D9F6-A9BF-4F13-B9CC-65E123D819A3}"
EndProject
Global
	GlobalSection(SolutionConfigurationPlatforms) = preSolution
		Debug|Any CPU = Debug|Any CPU
		Release|Any CPU = Release|Any CPU
	EndGlobalSection
	GlobalSection(SolutionProperties) = preSolution
		HideSolutionNode = FALSE
	EndGlobalSection
	GlobalSection(ProjectConfigurationPlatforms) = postSolution
		{5FBE71C6-612D-46CD-BDF4-2B7A7EAFE0C3}.Debug|Any CPU.ActiveCfg = Debug|Any CPU
		{5FBE71C6-612D-46CD-BDF4-2B7A7EAFE0C3}.Debug|Any CPU.Build.0 = Debug|Any CPU
		{5FBE71C6-612D-46CD-BDF4-2B7A7EAFE0C3}.Release|Any CPU.ActiveCfg = Release|Any CPU
		{5FBE71C6-612D-46CD-BDF4-2B7A7EAFE0C3}.Release|Any CPU.Build.0 = Release|Any CPU
		{C46AE8AC-C8C5-4E80-909A-90E59C3B2FC6}.Debug|Any CPU.ActiveCfg = Debug|Any CPU
		{C46AE8AC-C8C5-4E80-909A-90E59C3B2FC6}.Debug|Any CPU.Build.0 = Debug|Any CPU
		{C46AE8AC-C8C5-4E80-909A-90E59C3B2FC6}.Release|Any CPU.ActiveCfg = Release|Any CPU
		{C46AE8AC-C8C5-4E80-909A-90E59C3B2FC6}.Release|Any CPU.Build.0 = Release|Any CPU
		{11083FEC-699E-4D7E-AA3C-BE031B60CA5B}.Debug|Any CPU.ActiveCfg = Debug|Any CPU
		{11083FEC-699E-4D7E-AA3C-BE031B60CA5B}.Debug|Any CPU.Build.0 = Debug|Any CPU
		{11083FEC-699E-4D7E-AA3C-BE031B60CA5B}.Release|Any CPU.ActiveCfg = Release|Any CPU
		{11083FEC-699E-4D7E-AA3C-BE031B60CA5B}.Release|Any CPU.Build.0 = Release|Any CPU
		{5B0A10F9-F15B-4CF6-92CC-62EC758DCDD4}.Debug|Any CPU.ActiveCfg = Debug|Any CPU
		{5B0A10F9-F15B-4CF6-92CC-62EC758DCDD4}.Debug|Any CPU.Build.0 = Debug|Any CPU
		{5B0A10F9-F15B-4CF6-92CC-62EC758DCDD4}.Release|Any CPU.ActiveCfg = Release|Any CPU
		{5B0A10F9-F15B-4CF6-92CC-62EC758DCDD4}.Release|Any CPU.Build.0 = Release|Any CPU
		{7996D9F6-A9BF-4F13-B9CC-65E123D819A3}.Debug|Any CPU.ActiveCfg = Debug|Any CPU
		{7996D9F6-A9BF-4F13-B9CC-65E123D819A3}.Debug|Any CPU.Build.0 = Debug|Any CPU
		{7996D9F6-A9BF-4F13-B9CC-65E123D819A3}.Release|Any CPU.ActiveCfg = Release|Any CPU
		{7996D9F6-A9BF-4F13-B9CC-65E123D819A3}.Release|Any CPU.Build.0 = Release|Any CPU
	EndGlobalSection
EndGlobal
