Microsoft Visual Studio Solution File, Format Version 12.00
# Visual Studio Version 17
VisualStudioVersion = 17.5.2.0
MinimumVisualStudioVersion = 10.0.40219.1
Project("{FAE04EC0-301F-11D3-BF4B-00C04F79EFBC}") = "HeroPerk", "HeroPerk.csproj", "{6EAB61C8-7A2C-D38A-B9A2-D95B967A3B7A}"
EndProject
Global
	GlobalSection(SolutionConfigurationPlatforms) = preSolution
		Debug|Any CPU = Debug|Any CPU
		Release|Any CPU = Release|Any CPU
	EndGlobalSection
	GlobalSection(ProjectConfigurationPlatforms) = postSolution
		{6EAB61C8-7A2C-D38A-B9A2-D95B967A3B7A}.Debug|Any CPU.ActiveCfg = Debug|Any CPU
		{6EAB61C8-7A2C-D38A-B9A2-D95B967A3B7A}.Debug|Any CPU.Build.0 = Debug|Any CPU
		{6EAB61C8-7A2C-D38A-B9A2-D95B967A3B7A}.Release|Any CPU.ActiveCfg = Release|Any CPU
		{6EAB61C8-7A2C-D38A-B9A2-D95B967A3B7A}.Release|Any CPU.Build.0 = Release|Any CPU
	EndGlobalSection
	GlobalSection(SolutionProperties) = preSolution
		HideSolutionNode = FALSE
	EndGlobalSection
	GlobalSection(ExtensibilityGlobals) = postSolution
		SolutionGuid = {DEFE6955-7A93-48A9-AB08-91F06F7B1FC2}
	EndGlobalSection
EndGlobal
